
Microsoft Visual Studio Solution File, Format Version 12.00
# Visual Studio 2012
Project("{FAE04EC0-301F-11D3-BF4B-00C04F79EFBC}") = "ReadySteadyBang", "ReadySteadyBang\ReadySteadyBang.csproj", "{230D447C-7283-4B40-BB10-9875C87214B6}"
EndProject
Project("{FAE04EC0-301F-11D3-BF4B-00C04F79EFBC}") = "KinectLaenge", "KinectBodySize\KinectLaenge.csproj", "{90DDAA0E-6056-4E51-87C2-2F6221E8EAC1}"
EndProject
Project("{FAE04EC0-301F-11D3-BF4B-00C04F79EFBC}") = "AccessoryLib", "AccessoryLib\AccessoryLib.csproj", "{E7CEE4BD-1956-4199-9525-4B5583557D56}"
EndProject
Project("{FAE04EC0-301F-11D3-BF4B-00C04F79EFBC}") = "Pong", "Pong2\Pong.csproj", "{8121846D-923E-4BB0-8647-30DA753D156E}"
EndProject
Project("{FAE04EC0-301F-11D3-BF4B-00C04F79EFBC}") = "LoopList", "LoopList\LoopList.csproj", "{0EF01833-063F-498F-B8AC-7744902A2EFD}"
EndProject
Project("{FAE04EC0-301F-11D3-BF4B-00C04F79EFBC}") = "HtwKinect", "HtwKinect\HtwKinect.csproj", "{B658191C-9E09-44F6-A3A5-EB7A28E412D7}"
	ProjectSection(ProjectDependencies) = postProject
		{A6B20949-7A88-4E88-B857-F57F02546A54} = {A6B20949-7A88-4E88-B857-F57F02546A54}
	EndProjectSection
EndProject
Project("{FAE04EC0-301F-11D3-BF4B-00C04F79EFBC}") = "Antialiasing", "Antialiasing\Antialiasing.csproj", "{A1E039C4-0B91-46DC-A556-9A5575E173AB}"
EndProject
Project("{FAE04EC0-301F-11D3-BF4B-00C04F79EFBC}") = "AccessorySample", "AccessorySample\AccessorySample.csproj", "{49EA2D7C-A2D2-42F0-A447-966AFFD19E42}"
EndProject
Project("{FAE04EC0-301F-11D3-BF4B-00C04F79EFBC}") = "HandDetection", "HandDetection\HandDetection.csproj", "{5329D417-7747-4E92-8F9A-296AA39035BD}"
EndProject
Project("{FAE04EC0-301F-11D3-BF4B-00C04F79EFBC}") = "HandDetectionTest", "HandDetectionTest\HandDetectionTest.csproj", "{26B8EC8B-D54C-46B9-A723-504B7E4E40D2}"
EndProject
Project("{FAE04EC0-301F-11D3-BF4B-00C04F79EFBC}") = "PeopleDetectorTest", "PeopleDetectorTest\PeopleDetectorTest.csproj", "{EE5F5E25-6326-4371-A4BC-D2CCF1ECC40B}"
EndProject
Project("{FAE04EC0-301F-11D3-BF4B-00C04F79EFBC}") = "PeopleDetector", "PeopleDetector\PeopleDetector.csproj", "{A6B20949-7A88-4E88-B857-F57F02546A54}"
EndProject
Project("{FAE04EC0-301F-11D3-BF4B-00C04F79EFBC}") = "GreenScreenLib", "GreenScreenControl\GreenScreenLib.csproj", "{B2AACE14-C7F6-4615-9F1F-228F13780687}"
EndProject
Project("{FAE04EC0-301F-11D3-BF4B-00C04F79EFBC}") = "GreenScreenLibTest", "GreenScreenLibTest\GreenScreenLibTest.csproj", "{9F9A89A8-A1A5-4119-9D70-C44D2BB371A8}"
EndProject
Project("{FAE04EC0-301F-11D3-BF4B-00C04F79EFBC}") = "Database", "Database\Database.csproj", "{DA6C1FA9-F984-4FB5-9998-0907B6F044EB}"
EndProject
Project("{FAE04EC0-301F-11D3-BF4B-00C04F79EFBC}") = "Generate DB Data", "Generate DB Data\Generate DB Data.csproj", "{C6D3DEF4-CBFD-4984-982E-5512405B0CAF}"
EndProject
Project("{FAE04EC0-301F-11D3-BF4B-00C04F79EFBC}") = "GenderDetector", "GenderDetector\GenderDetector.csproj", "{5B5E1C10-3AB6-4F22-BA0C-8288CE7A2CB0}"
EndProject
Project("{FAE04EC0-301F-11D3-BF4B-00C04F79EFBC}") = "SkyBiometry.Client.FC", "SkyBiometry.Client.FC\SkyBiometry.Client.FC.csproj", "{7AD163A1-9F3B-4EBC-A10F-D53A1533C231}"
EndProject
Project("{FAE04EC0-301F-11D3-BF4B-00C04F79EFBC}") = "MiniGameTest", "MiniGameTest\MiniGameTest.csproj", "{3C69B640-8985-40F3-B059-EC2E3A76A446}"
EndProject
Project("{FAE04EC0-301F-11D3-BF4B-00C04F79EFBC}") = "MiniGame", "MiniGame\MiniGame.csproj", "{76AF13BC-D9EB-41FA-9C5E-26EE2F2E8A6B}"
EndProject
Global
	GlobalSection(SolutionConfigurationPlatforms) = preSolution
		Debug|Any CPU = Debug|Any CPU
		Debug|Mixed Platforms = Debug|Mixed Platforms
		Debug|x86 = Debug|x86
		Release|Any CPU = Release|Any CPU
		Release|Mixed Platforms = Release|Mixed Platforms
		Release|x86 = Release|x86
	EndGlobalSection
	GlobalSection(ProjectConfigurationPlatforms) = postSolution
		{230D447C-7283-4B40-BB10-9875C87214B6}.Debug|Any CPU.ActiveCfg = Debug|Any CPU
		{230D447C-7283-4B40-BB10-9875C87214B6}.Debug|Any CPU.Build.0 = Debug|Any CPU
		{230D447C-7283-4B40-BB10-9875C87214B6}.Debug|Mixed Platforms.ActiveCfg = Debug|Any CPU
		{230D447C-7283-4B40-BB10-9875C87214B6}.Debug|Mixed Platforms.Build.0 = Debug|Any CPU
		{230D447C-7283-4B40-BB10-9875C87214B6}.Debug|x86.ActiveCfg = Debug|Any CPU
		{230D447C-7283-4B40-BB10-9875C87214B6}.Release|Any CPU.ActiveCfg = Release|Any CPU
		{230D447C-7283-4B40-BB10-9875C87214B6}.Release|Any CPU.Build.0 = Release|Any CPU
		{230D447C-7283-4B40-BB10-9875C87214B6}.Release|Mixed Platforms.ActiveCfg = Release|Any CPU
		{230D447C-7283-4B40-BB10-9875C87214B6}.Release|Mixed Platforms.Build.0 = Release|Any CPU
		{230D447C-7283-4B40-BB10-9875C87214B6}.Release|x86.ActiveCfg = Release|Any CPU
		{90DDAA0E-6056-4E51-87C2-2F6221E8EAC1}.Debug|Any CPU.ActiveCfg = Debug|Any CPU
		{90DDAA0E-6056-4E51-87C2-2F6221E8EAC1}.Debug|Any CPU.Build.0 = Debug|Any CPU
		{90DDAA0E-6056-4E51-87C2-2F6221E8EAC1}.Debug|Mixed Platforms.ActiveCfg = Debug|Any CPU
		{90DDAA0E-6056-4E51-87C2-2F6221E8EAC1}.Debug|Mixed Platforms.Build.0 = Debug|Any CPU
		{90DDAA0E-6056-4E51-87C2-2F6221E8EAC1}.Debug|x86.ActiveCfg = Debug|Any CPU
		{90DDAA0E-6056-4E51-87C2-2F6221E8EAC1}.Release|Any CPU.ActiveCfg = Release|Any CPU
		{90DDAA0E-6056-4E51-87C2-2F6221E8EAC1}.Release|Any CPU.Build.0 = Release|Any CPU
		{90DDAA0E-6056-4E51-87C2-2F6221E8EAC1}.Release|Mixed Platforms.ActiveCfg = Release|Any CPU
		{90DDAA0E-6056-4E51-87C2-2F6221E8EAC1}.Release|Mixed Platforms.Build.0 = Release|Any CPU
		{90DDAA0E-6056-4E51-87C2-2F6221E8EAC1}.Release|x86.ActiveCfg = Release|Any CPU
		{E7CEE4BD-1956-4199-9525-4B5583557D56}.Debug|Any CPU.ActiveCfg = Debug|Any CPU
		{E7CEE4BD-1956-4199-9525-4B5583557D56}.Debug|Any CPU.Build.0 = Debug|Any CPU
		{E7CEE4BD-1956-4199-9525-4B5583557D56}.Debug|Mixed Platforms.ActiveCfg = Debug|Any CPU
		{E7CEE4BD-1956-4199-9525-4B5583557D56}.Debug|Mixed Platforms.Build.0 = Debug|Any CPU
		{E7CEE4BD-1956-4199-9525-4B5583557D56}.Debug|x86.ActiveCfg = Debug|Any CPU
		{E7CEE4BD-1956-4199-9525-4B5583557D56}.Release|Any CPU.ActiveCfg = Release|Any CPU
		{E7CEE4BD-1956-4199-9525-4B5583557D56}.Release|Any CPU.Build.0 = Release|Any CPU
		{E7CEE4BD-1956-4199-9525-4B5583557D56}.Release|Mixed Platforms.ActiveCfg = Release|Any CPU
		{E7CEE4BD-1956-4199-9525-4B5583557D56}.Release|Mixed Platforms.Build.0 = Release|Any CPU
		{E7CEE4BD-1956-4199-9525-4B5583557D56}.Release|x86.ActiveCfg = Release|Any CPU
		{8121846D-923E-4BB0-8647-30DA753D156E}.Debug|Any CPU.ActiveCfg = Debug|Any CPU
		{8121846D-923E-4BB0-8647-30DA753D156E}.Debug|Any CPU.Build.0 = Debug|Any CPU
		{8121846D-923E-4BB0-8647-30DA753D156E}.Debug|Mixed Platforms.ActiveCfg = Debug|Any CPU
		{8121846D-923E-4BB0-8647-30DA753D156E}.Debug|Mixed Platforms.Build.0 = Debug|Any CPU
		{8121846D-923E-4BB0-8647-30DA753D156E}.Debug|x86.ActiveCfg = Debug|Any CPU
		{8121846D-923E-4BB0-8647-30DA753D156E}.Release|Any CPU.ActiveCfg = Release|Any CPU
		{8121846D-923E-4BB0-8647-30DA753D156E}.Release|Any CPU.Build.0 = Release|Any CPU
		{8121846D-923E-4BB0-8647-30DA753D156E}.Release|Mixed Platforms.ActiveCfg = Release|Any CPU
		{8121846D-923E-4BB0-8647-30DA753D156E}.Release|Mixed Platforms.Build.0 = Release|Any CPU
		{8121846D-923E-4BB0-8647-30DA753D156E}.Release|x86.ActiveCfg = Release|Any CPU
		{0EF01833-063F-498F-B8AC-7744902A2EFD}.Debug|Any CPU.ActiveCfg = Debug|Any CPU
		{0EF01833-063F-498F-B8AC-7744902A2EFD}.Debug|Any CPU.Build.0 = Debug|Any CPU
		{0EF01833-063F-498F-B8AC-7744902A2EFD}.Debug|Mixed Platforms.ActiveCfg = Debug|Any CPU
		{0EF01833-063F-498F-B8AC-7744902A2EFD}.Debug|Mixed Platforms.Build.0 = Debug|Any CPU
		{0EF01833-063F-498F-B8AC-7744902A2EFD}.Debug|x86.ActiveCfg = Debug|Any CPU
		{0EF01833-063F-498F-B8AC-7744902A2EFD}.Release|Any CPU.ActiveCfg = Release|Any CPU
		{0EF01833-063F-498F-B8AC-7744902A2EFD}.Release|Any CPU.Build.0 = Release|Any CPU
		{0EF01833-063F-498F-B8AC-7744902A2EFD}.Release|Mixed Platforms.ActiveCfg = Release|Any CPU
		{0EF01833-063F-498F-B8AC-7744902A2EFD}.Release|Mixed Platforms.Build.0 = Release|Any CPU
		{0EF01833-063F-498F-B8AC-7744902A2EFD}.Release|x86.ActiveCfg = Release|Any CPU
		{B658191C-9E09-44F6-A3A5-EB7A28E412D7}.Debug|Any CPU.ActiveCfg = Debug|Any CPU
		{B658191C-9E09-44F6-A3A5-EB7A28E412D7}.Debug|Any CPU.Build.0 = Debug|Any CPU
		{B658191C-9E09-44F6-A3A5-EB7A28E412D7}.Debug|Mixed Platforms.ActiveCfg = Debug|Any CPU
		{B658191C-9E09-44F6-A3A5-EB7A28E412D7}.Debug|Mixed Platforms.Build.0 = Debug|Any CPU
		{B658191C-9E09-44F6-A3A5-EB7A28E412D7}.Debug|x86.ActiveCfg = Debug|Any CPU
		{B658191C-9E09-44F6-A3A5-EB7A28E412D7}.Release|Any CPU.ActiveCfg = Release|Any CPU
		{B658191C-9E09-44F6-A3A5-EB7A28E412D7}.Release|Any CPU.Build.0 = Release|Any CPU
		{B658191C-9E09-44F6-A3A5-EB7A28E412D7}.Release|Mixed Platforms.ActiveCfg = Release|Any CPU
		{B658191C-9E09-44F6-A3A5-EB7A28E412D7}.Release|Mixed Platforms.Build.0 = Release|Any CPU
		{B658191C-9E09-44F6-A3A5-EB7A28E412D7}.Release|x86.ActiveCfg = Release|Any CPU
		{A1E039C4-0B91-46DC-A556-9A5575E173AB}.Debug|Any CPU.ActiveCfg = Debug|Any CPU
		{A1E039C4-0B91-46DC-A556-9A5575E173AB}.Debug|Any CPU.Build.0 = Debug|Any CPU
		{A1E039C4-0B91-46DC-A556-9A5575E173AB}.Debug|Mixed Platforms.ActiveCfg = Debug|Any CPU
		{A1E039C4-0B91-46DC-A556-9A5575E173AB}.Debug|Mixed Platforms.Build.0 = Debug|Any CPU
		{A1E039C4-0B91-46DC-A556-9A5575E173AB}.Debug|x86.ActiveCfg = Debug|Any CPU
		{A1E039C4-0B91-46DC-A556-9A5575E173AB}.Release|Any CPU.ActiveCfg = Release|Any CPU
		{A1E039C4-0B91-46DC-A556-9A5575E173AB}.Release|Any CPU.Build.0 = Release|Any CPU
		{A1E039C4-0B91-46DC-A556-9A5575E173AB}.Release|Mixed Platforms.ActiveCfg = Release|Any CPU
		{A1E039C4-0B91-46DC-A556-9A5575E173AB}.Release|Mixed Platforms.Build.0 = Release|Any CPU
		{A1E039C4-0B91-46DC-A556-9A5575E173AB}.Release|x86.ActiveCfg = Release|Any CPU
		{49EA2D7C-A2D2-42F0-A447-966AFFD19E42}.Debug|Any CPU.ActiveCfg = Debug|Any CPU
		{49EA2D7C-A2D2-42F0-A447-966AFFD19E42}.Debug|Any CPU.Build.0 = Debug|Any CPU
		{49EA2D7C-A2D2-42F0-A447-966AFFD19E42}.Debug|Mixed Platforms.ActiveCfg = Debug|Any CPU
		{49EA2D7C-A2D2-42F0-A447-966AFFD19E42}.Debug|Mixed Platforms.Build.0 = Debug|Any CPU
		{49EA2D7C-A2D2-42F0-A447-966AFFD19E42}.Debug|x86.ActiveCfg = Debug|Any CPU
		{49EA2D7C-A2D2-42F0-A447-966AFFD19E42}.Release|Any CPU.ActiveCfg = Release|Any CPU
		{49EA2D7C-A2D2-42F0-A447-966AFFD19E42}.Release|Any CPU.Build.0 = Release|Any CPU
		{49EA2D7C-A2D2-42F0-A447-966AFFD19E42}.Release|Mixed Platforms.ActiveCfg = Release|Any CPU
		{49EA2D7C-A2D2-42F0-A447-966AFFD19E42}.Release|Mixed Platforms.Build.0 = Release|Any CPU
		{49EA2D7C-A2D2-42F0-A447-966AFFD19E42}.Release|x86.ActiveCfg = Release|Any CPU
		{5329D417-7747-4E92-8F9A-296AA39035BD}.Debug|Any CPU.ActiveCfg = Debug|Any CPU
		{5329D417-7747-4E92-8F9A-296AA39035BD}.Debug|Any CPU.Build.0 = Debug|Any CPU
		{5329D417-7747-4E92-8F9A-296AA39035BD}.Debug|Mixed Platforms.ActiveCfg = Debug|Any CPU
		{5329D417-7747-4E92-8F9A-296AA39035BD}.Debug|Mixed Platforms.Build.0 = Debug|Any CPU
		{5329D417-7747-4E92-8F9A-296AA39035BD}.Debug|x86.ActiveCfg = Debug|Any CPU
		{5329D417-7747-4E92-8F9A-296AA39035BD}.Release|Any CPU.ActiveCfg = Release|Any CPU
		{5329D417-7747-4E92-8F9A-296AA39035BD}.Release|Any CPU.Build.0 = Release|Any CPU
		{5329D417-7747-4E92-8F9A-296AA39035BD}.Release|Mixed Platforms.ActiveCfg = Release|Any CPU
		{5329D417-7747-4E92-8F9A-296AA39035BD}.Release|Mixed Platforms.Build.0 = Release|Any CPU
		{5329D417-7747-4E92-8F9A-296AA39035BD}.Release|x86.ActiveCfg = Release|Any CPU
		{26B8EC8B-D54C-46B9-A723-504B7E4E40D2}.Debug|Any CPU.ActiveCfg = Debug|Any CPU
		{26B8EC8B-D54C-46B9-A723-504B7E4E40D2}.Debug|Any CPU.Build.0 = Debug|Any CPU
		{26B8EC8B-D54C-46B9-A723-504B7E4E40D2}.Debug|Mixed Platforms.ActiveCfg = Debug|Any CPU
		{26B8EC8B-D54C-46B9-A723-504B7E4E40D2}.Debug|Mixed Platforms.Build.0 = Debug|Any CPU
		{26B8EC8B-D54C-46B9-A723-504B7E4E40D2}.Debug|x86.ActiveCfg = Debug|Any CPU
		{26B8EC8B-D54C-46B9-A723-504B7E4E40D2}.Release|Any CPU.ActiveCfg = Release|Any CPU
		{26B8EC8B-D54C-46B9-A723-504B7E4E40D2}.Release|Any CPU.Build.0 = Release|Any CPU
		{26B8EC8B-D54C-46B9-A723-504B7E4E40D2}.Release|Mixed Platforms.ActiveCfg = Release|Any CPU
		{26B8EC8B-D54C-46B9-A723-504B7E4E40D2}.Release|Mixed Platforms.Build.0 = Release|Any CPU
		{26B8EC8B-D54C-46B9-A723-504B7E4E40D2}.Release|x86.ActiveCfg = Release|Any CPU
		{EE5F5E25-6326-4371-A4BC-D2CCF1ECC40B}.Debug|Any CPU.ActiveCfg = Debug|Any CPU
		{EE5F5E25-6326-4371-A4BC-D2CCF1ECC40B}.Debug|Any CPU.Build.0 = Debug|Any CPU
		{EE5F5E25-6326-4371-A4BC-D2CCF1ECC40B}.Debug|Mixed Platforms.ActiveCfg = Debug|Any CPU
		{EE5F5E25-6326-4371-A4BC-D2CCF1ECC40B}.Debug|Mixed Platforms.Build.0 = Debug|Any CPU
		{EE5F5E25-6326-4371-A4BC-D2CCF1ECC40B}.Debug|x86.ActiveCfg = Debug|Any CPU
		{EE5F5E25-6326-4371-A4BC-D2CCF1ECC40B}.Release|Any CPU.ActiveCfg = Release|Any CPU
		{EE5F5E25-6326-4371-A4BC-D2CCF1ECC40B}.Release|Any CPU.Build.0 = Release|Any CPU
		{EE5F5E25-6326-4371-A4BC-D2CCF1ECC40B}.Release|Mixed Platforms.ActiveCfg = Release|Any CPU
		{EE5F5E25-6326-4371-A4BC-D2CCF1ECC40B}.Release|Mixed Platforms.Build.0 = Release|Any CPU
		{EE5F5E25-6326-4371-A4BC-D2CCF1ECC40B}.Release|x86.ActiveCfg = Release|Any CPU
		{A6B20949-7A88-4E88-B857-F57F02546A54}.Debug|Any CPU.ActiveCfg = Debug|Any CPU
		{A6B20949-7A88-4E88-B857-F57F02546A54}.Debug|Any CPU.Build.0 = Debug|Any CPU
		{A6B20949-7A88-4E88-B857-F57F02546A54}.Debug|Mixed Platforms.ActiveCfg = Debug|Any CPU
		{A6B20949-7A88-4E88-B857-F57F02546A54}.Debug|Mixed Platforms.Build.0 = Debug|Any CPU
		{A6B20949-7A88-4E88-B857-F57F02546A54}.Debug|x86.ActiveCfg = Debug|Any CPU
		{A6B20949-7A88-4E88-B857-F57F02546A54}.Release|Any CPU.ActiveCfg = Release|Any CPU
		{A6B20949-7A88-4E88-B857-F57F02546A54}.Release|Any CPU.Build.0 = Release|Any CPU
		{A6B20949-7A88-4E88-B857-F57F02546A54}.Release|Mixed Platforms.ActiveCfg = Release|Any CPU
		{A6B20949-7A88-4E88-B857-F57F02546A54}.Release|Mixed Platforms.Build.0 = Release|Any CPU
		{A6B20949-7A88-4E88-B857-F57F02546A54}.Release|x86.ActiveCfg = Release|Any CPU
		{B2AACE14-C7F6-4615-9F1F-228F13780687}.Debug|Any CPU.ActiveCfg = Debug|Any CPU
		{B2AACE14-C7F6-4615-9F1F-228F13780687}.Debug|Any CPU.Build.0 = Debug|Any CPU
		{B2AACE14-C7F6-4615-9F1F-228F13780687}.Debug|Mixed Platforms.ActiveCfg = Debug|Any CPU
		{B2AACE14-C7F6-4615-9F1F-228F13780687}.Debug|Mixed Platforms.Build.0 = Debug|Any CPU
		{B2AACE14-C7F6-4615-9F1F-228F13780687}.Debug|x86.ActiveCfg = Debug|Any CPU
		{B2AACE14-C7F6-4615-9F1F-228F13780687}.Release|Any CPU.ActiveCfg = Release|Any CPU
		{B2AACE14-C7F6-4615-9F1F-228F13780687}.Release|Any CPU.Build.0 = Release|Any CPU
		{B2AACE14-C7F6-4615-9F1F-228F13780687}.Release|Mixed Platforms.ActiveCfg = Release|Any CPU
		{B2AACE14-C7F6-4615-9F1F-228F13780687}.Release|Mixed Platforms.Build.0 = Release|Any CPU
		{B2AACE14-C7F6-4615-9F1F-228F13780687}.Release|x86.ActiveCfg = Release|Any CPU
		{9F9A89A8-A1A5-4119-9D70-C44D2BB371A8}.Debug|Any CPU.ActiveCfg = Debug|Any CPU
		{9F9A89A8-A1A5-4119-9D70-C44D2BB371A8}.Debug|Any CPU.Build.0 = Debug|Any CPU
		{9F9A89A8-A1A5-4119-9D70-C44D2BB371A8}.Debug|Mixed Platforms.ActiveCfg = Debug|Any CPU
		{9F9A89A8-A1A5-4119-9D70-C44D2BB371A8}.Debug|Mixed Platforms.Build.0 = Debug|Any CPU
		{9F9A89A8-A1A5-4119-9D70-C44D2BB371A8}.Debug|x86.ActiveCfg = Debug|Any CPU
		{9F9A89A8-A1A5-4119-9D70-C44D2BB371A8}.Release|Any CPU.ActiveCfg = Release|Any CPU
		{9F9A89A8-A1A5-4119-9D70-C44D2BB371A8}.Release|Any CPU.Build.0 = Release|Any CPU
		{9F9A89A8-A1A5-4119-9D70-C44D2BB371A8}.Release|Mixed Platforms.ActiveCfg = Release|Any CPU
		{9F9A89A8-A1A5-4119-9D70-C44D2BB371A8}.Release|Mixed Platforms.Build.0 = Release|Any CPU
		{9F9A89A8-A1A5-4119-9D70-C44D2BB371A8}.Release|x86.ActiveCfg = Release|Any CPU

		{5B5E1C10-3AB6-4F22-BA0C-8288CE7A2CB0}.Debug|Any CPU.ActiveCfg = Debug|Any CPU
		{5B5E1C10-3AB6-4F22-BA0C-8288CE7A2CB0}.Debug|Any CPU.Build.0 = Debug|Any CPU
		{5B5E1C10-3AB6-4F22-BA0C-8288CE7A2CB0}.Debug|Mixed Platforms.ActiveCfg = Debug|Any CPU
		{5B5E1C10-3AB6-4F22-BA0C-8288CE7A2CB0}.Debug|Mixed Platforms.Build.0 = Debug|Any CPU
		{5B5E1C10-3AB6-4F22-BA0C-8288CE7A2CB0}.Debug|x86.ActiveCfg = Debug|Any CPU
		{5B5E1C10-3AB6-4F22-BA0C-8288CE7A2CB0}.Release|Any CPU.ActiveCfg = Release|Any CPU
		{5B5E1C10-3AB6-4F22-BA0C-8288CE7A2CB0}.Release|Any CPU.Build.0 = Release|Any CPU
		{5B5E1C10-3AB6-4F22-BA0C-8288CE7A2CB0}.Release|Mixed Platforms.ActiveCfg = Release|Any CPU
		{5B5E1C10-3AB6-4F22-BA0C-8288CE7A2CB0}.Release|Mixed Platforms.Build.0 = Release|Any CPU
		{5B5E1C10-3AB6-4F22-BA0C-8288CE7A2CB0}.Release|x86.ActiveCfg = Release|Any CPU
		{7AD163A1-9F3B-4EBC-A10F-D53A1533C231}.Debug|Any CPU.ActiveCfg = Debug|Any CPU
		{7AD163A1-9F3B-4EBC-A10F-D53A1533C231}.Debug|Any CPU.Build.0 = Debug|Any CPU
		{7AD163A1-9F3B-4EBC-A10F-D53A1533C231}.Debug|Mixed Platforms.ActiveCfg = Debug|Any CPU
		{7AD163A1-9F3B-4EBC-A10F-D53A1533C231}.Debug|Mixed Platforms.Build.0 = Debug|Any CPU
		{7AD163A1-9F3B-4EBC-A10F-D53A1533C231}.Debug|x86.ActiveCfg = Debug|Any CPU
		{7AD163A1-9F3B-4EBC-A10F-D53A1533C231}.Release|Any CPU.ActiveCfg = Release|Any CPU
		{7AD163A1-9F3B-4EBC-A10F-D53A1533C231}.Release|Any CPU.Build.0 = Release|Any CPU
		{7AD163A1-9F3B-4EBC-A10F-D53A1533C231}.Release|Mixed Platforms.ActiveCfg = Release|Any CPU
		{7AD163A1-9F3B-4EBC-A10F-D53A1533C231}.Release|Mixed Platforms.Build.0 = Release|Any CPU
		{7AD163A1-9F3B-4EBC-A10F-D53A1533C231}.Release|x86.ActiveCfg = Release|Any CPU

		{3C69B640-8985-40F3-B059-EC2E3A76A446}.Debug|Any CPU.ActiveCfg = Debug|Any CPU
		{3C69B640-8985-40F3-B059-EC2E3A76A446}.Debug|Any CPU.Build.0 = Debug|Any CPU
		{3C69B640-8985-40F3-B059-EC2E3A76A446}.Debug|Mixed Platforms.ActiveCfg = Debug|Any CPU
		{3C69B640-8985-40F3-B059-EC2E3A76A446}.Debug|Mixed Platforms.Build.0 = Debug|Any CPU
		{3C69B640-8985-40F3-B059-EC2E3A76A446}.Debug|x86.ActiveCfg = Debug|Any CPU
		{3C69B640-8985-40F3-B059-EC2E3A76A446}.Release|Any CPU.ActiveCfg = Release|Any CPU
		{3C69B640-8985-40F3-B059-EC2E3A76A446}.Release|Any CPU.Build.0 = Release|Any CPU
		{3C69B640-8985-40F3-B059-EC2E3A76A446}.Release|Mixed Platforms.ActiveCfg = Release|Any CPU
		{3C69B640-8985-40F3-B059-EC2E3A76A446}.Release|Mixed Platforms.Build.0 = Release|Any CPU
		{3C69B640-8985-40F3-B059-EC2E3A76A446}.Release|x86.ActiveCfg = Release|Any CPU
		{76AF13BC-D9EB-41FA-9C5E-26EE2F2E8A6B}.Debug|Any CPU.ActiveCfg = Debug|Any CPU
		{76AF13BC-D9EB-41FA-9C5E-26EE2F2E8A6B}.Debug|Any CPU.Build.0 = Debug|Any CPU
		{76AF13BC-D9EB-41FA-9C5E-26EE2F2E8A6B}.Debug|Mixed Platforms.ActiveCfg = Debug|Any CPU
		{76AF13BC-D9EB-41FA-9C5E-26EE2F2E8A6B}.Debug|Mixed Platforms.Build.0 = Debug|Any CPU
		{76AF13BC-D9EB-41FA-9C5E-26EE2F2E8A6B}.Debug|x86.ActiveCfg = Debug|Any CPU
		{76AF13BC-D9EB-41FA-9C5E-26EE2F2E8A6B}.Release|Any CPU.ActiveCfg = Release|Any CPU
		{76AF13BC-D9EB-41FA-9C5E-26EE2F2E8A6B}.Release|Any CPU.Build.0 = Release|Any CPU
		{76AF13BC-D9EB-41FA-9C5E-26EE2F2E8A6B}.Release|Mixed Platforms.ActiveCfg = Release|Any CPU
		{76AF13BC-D9EB-41FA-9C5E-26EE2F2E8A6B}.Release|Mixed Platforms.Build.0 = Release|Any CPU
		{76AF13BC-D9EB-41FA-9C5E-26EE2F2E8A6B}.Release|x86.ActiveCfg = Release|Any CPU

	EndGlobalSection
	GlobalSection(SolutionProperties) = preSolution
		HideSolutionNode = FALSE
	EndGlobalSection
EndGlobal
