
Microsoft Visual Studio Solution File, Format Version 12.00
# Visual Studio 2012
Project("{FAE04EC0-301F-11D3-BF4B-00C04F79EFBC}") = "ReadySteadyBang", "ReadySteadyBang\ReadySteadyBang.csproj", "{230D447C-7283-4B40-BB10-9875C87214B6}"
EndProject
Project("{FAE04EC0-301F-11D3-BF4B-00C04F79EFBC}") = "KinectLaenge", "KinectBodySize\KinectLaenge.csproj", "{90DDAA0E-6056-4E51-87C2-2F6221E8EAC1}"
EndProject
Project("{FAE04EC0-301F-11D3-BF4B-00C04F79EFBC}") = "AccessoryLib", "AccessoryLib\AccessoryLib.csproj", "{E7CEE4BD-1956-4199-9525-4B5583557D56}"
EndProject
Project("{FAE04EC0-301F-11D3-BF4B-00C04F79EFBC}") = "Pong", "Pong2\Pong.csproj", "{8121846D-923E-4BB0-8647-30DA753D156E}"
EndProject
Project("{FAE04EC0-301F-11D3-BF4B-00C04F79EFBC}") = "Karusell", "Karusell\Karusell.csproj", "{47D9C5C1-9107-4EF2-B0EF-D3957B49E7D5}"
EndProject
Global
	GlobalSection(SolutionConfigurationPlatforms) = preSolution
		Debug|Any CPU = Debug|Any CPU
		Debug|Mixed Platforms = Debug|Mixed Platforms
		Debug|x86 = Debug|x86
		Release|Any CPU = Release|Any CPU
		Release|Mixed Platforms = Release|Mixed Platforms
		Release|x86 = Release|x86
	EndGlobalSection
	GlobalSection(ProjectConfigurationPlatforms) = postSolution
		{230D447C-7283-4B40-BB10-9875C87214B6}.Debug|Any CPU.ActiveCfg = Debug|Any CPU
		{230D447C-7283-4B40-BB10-9875C87214B6}.Debug|Any CPU.Build.0 = Debug|Any CPU
		{230D447C-7283-4B40-BB10-9875C87214B6}.Debug|Mixed Platforms.ActiveCfg = Debug|Any CPU
		{230D447C-7283-4B40-BB10-9875C87214B6}.Debug|Mixed Platforms.Build.0 = Debug|Any CPU
		{230D447C-7283-4B40-BB10-9875C87214B6}.Debug|x86.ActiveCfg = Debug|Any CPU
		{230D447C-7283-4B40-BB10-9875C87214B6}.Release|Any CPU.ActiveCfg = Release|Any CPU
		{230D447C-7283-4B40-BB10-9875C87214B6}.Release|Any CPU.Build.0 = Release|Any CPU
		{230D447C-7283-4B40-BB10-9875C87214B6}.Release|Mixed Platforms.ActiveCfg = Release|Any CPU
		{230D447C-7283-4B40-BB10-9875C87214B6}.Release|Mixed Platforms.Build.0 = Release|Any CPU
		{230D447C-7283-4B40-BB10-9875C87214B6}.Release|x86.ActiveCfg = Release|Any CPU
		{90DDAA0E-6056-4E51-87C2-2F6221E8EAC1}.Debug|Any CPU.ActiveCfg = Debug|Any CPU
		{90DDAA0E-6056-4E51-87C2-2F6221E8EAC1}.Debug|Any CPU.Build.0 = Debug|Any CPU
		{90DDAA0E-6056-4E51-87C2-2F6221E8EAC1}.Debug|Mixed Platforms.ActiveCfg = Debug|Any CPU
		{90DDAA0E-6056-4E51-87C2-2F6221E8EAC1}.Debug|Mixed Platforms.Build.0 = Debug|Any CPU
		{90DDAA0E-6056-4E51-87C2-2F6221E8EAC1}.Debug|x86.ActiveCfg = Debug|Any CPU
		{90DDAA0E-6056-4E51-87C2-2F6221E8EAC1}.Release|Any CPU.ActiveCfg = Release|Any CPU
		{90DDAA0E-6056-4E51-87C2-2F6221E8EAC1}.Release|Any CPU.Build.0 = Release|Any CPU
		{90DDAA0E-6056-4E51-87C2-2F6221E8EAC1}.Release|Mixed Platforms.ActiveCfg = Release|Any CPU
		{90DDAA0E-6056-4E51-87C2-2F6221E8EAC1}.Release|Mixed Platforms.Build.0 = Release|Any CPU
		{90DDAA0E-6056-4E51-87C2-2F6221E8EAC1}.Release|x86.ActiveCfg = Release|Any CPU
		{E7CEE4BD-1956-4199-9525-4B5583557D56}.Debug|Any CPU.ActiveCfg = Debug|Any CPU
		{E7CEE4BD-1956-4199-9525-4B5583557D56}.Debug|Any CPU.Build.0 = Debug|Any CPU
		{E7CEE4BD-1956-4199-9525-4B5583557D56}.Debug|Mixed Platforms.ActiveCfg = Debug|Any CPU
		{E7CEE4BD-1956-4199-9525-4B5583557D56}.Debug|Mixed Platforms.Build.0 = Debug|Any CPU
		{E7CEE4BD-1956-4199-9525-4B5583557D56}.Debug|x86.ActiveCfg = Debug|Any CPU
		{E7CEE4BD-1956-4199-9525-4B5583557D56}.Release|Any CPU.ActiveCfg = Release|Any CPU
		{E7CEE4BD-1956-4199-9525-4B5583557D56}.Release|Any CPU.Build.0 = Release|Any CPU
		{E7CEE4BD-1956-4199-9525-4B5583557D56}.Release|Mixed Platforms.ActiveCfg = Release|Any CPU
		{E7CEE4BD-1956-4199-9525-4B5583557D56}.Release|Mixed Platforms.Build.0 = Release|Any CPU
		{E7CEE4BD-1956-4199-9525-4B5583557D56}.Release|x86.ActiveCfg = Release|Any CPU
		{8121846D-923E-4BB0-8647-30DA753D156E}.Debug|Any CPU.ActiveCfg = Debug|Any CPU
		{8121846D-923E-4BB0-8647-30DA753D156E}.Debug|Any CPU.Build.0 = Debug|Any CPU
		{8121846D-923E-4BB0-8647-30DA753D156E}.Debug|Mixed Platforms.ActiveCfg = Debug|Any CPU
		{8121846D-923E-4BB0-8647-30DA753D156E}.Debug|Mixed Platforms.Build.0 = Debug|Any CPU
		{8121846D-923E-4BB0-8647-30DA753D156E}.Debug|x86.ActiveCfg = Debug|Any CPU
		{8121846D-923E-4BB0-8647-30DA753D156E}.Release|Any CPU.ActiveCfg = Release|Any CPU
		{8121846D-923E-4BB0-8647-30DA753D156E}.Release|Any CPU.Build.0 = Release|Any CPU
		{8121846D-923E-4BB0-8647-30DA753D156E}.Release|Mixed Platforms.ActiveCfg = Release|Any CPU
		{8121846D-923E-4BB0-8647-30DA753D156E}.Release|Mixed Platforms.Build.0 = Release|Any CPU
		{8121846D-923E-4BB0-8647-30DA753D156E}.Release|x86.ActiveCfg = Release|Any CPU
		{47D9C5C1-9107-4EF2-B0EF-D3957B49E7D5}.Debug|Any CPU.ActiveCfg = Debug|x86
		{47D9C5C1-9107-4EF2-B0EF-D3957B49E7D5}.Debug|Mixed Platforms.ActiveCfg = Debug|x86
		{47D9C5C1-9107-4EF2-B0EF-D3957B49E7D5}.Debug|Mixed Platforms.Build.0 = Debug|x86
		{47D9C5C1-9107-4EF2-B0EF-D3957B49E7D5}.Debug|x86.ActiveCfg = Debug|x86
		{47D9C5C1-9107-4EF2-B0EF-D3957B49E7D5}.Debug|x86.Build.0 = Debug|x86
		{47D9C5C1-9107-4EF2-B0EF-D3957B49E7D5}.Release|Any CPU.ActiveCfg = Release|x86
		{47D9C5C1-9107-4EF2-B0EF-D3957B49E7D5}.Release|Mixed Platforms.ActiveCfg = Release|x86
		{47D9C5C1-9107-4EF2-B0EF-D3957B49E7D5}.Release|Mixed Platforms.Build.0 = Release|x86
		{47D9C5C1-9107-4EF2-B0EF-D3957B49E7D5}.Release|x86.ActiveCfg = Release|x86
		{47D9C5C1-9107-4EF2-B0EF-D3957B49E7D5}.Release|x86.Build.0 = Release|x86
	EndGlobalSection
	GlobalSection(SolutionProperties) = preSolution
		HideSolutionNode = FALSE
	EndGlobalSection
EndGlobal
