
Microsoft Visual Studio Solution File, Format Version 12.00
# Visual Studio 2012
Project("{FAE04EC0-301F-11D3-BF4B-00C04F79EFBC}") = "Pong", "Pong\Pong.csproj", "{8121846D-923E-4BB0-8647-30DA753D156E}"
EndProject
Project("{FAE04EC0-301F-11D3-BF4B-00C04F79EFBC}") = "ReadySteadyBang", "ReadySteadyBang\ReadySteadyBang.csproj", "{230D447C-7283-4B40-BB10-9875C87214B6}"
EndProject
Project("{FAE04EC0-301F-11D3-BF4B-00C04F79EFBC}") = "KinectLaenge", "KinectBodySize\KinectLaenge.csproj", "{90DDAA0E-6056-4E51-87C2-2F6221E8EAC1}"
EndProject
Project("{FAE04EC0-301F-11D3-BF4B-00C04F79EFBC}") = "AccessoryLib", "AccessoryLib\AccessoryLib.csproj", "{E7CEE4BD-1956-4199-9525-4B5583557D56}"
EndProject
Global
	GlobalSection(SolutionConfigurationPlatforms) = preSolution
		Debug|Any CPU = Debug|Any CPU
		Release|Any CPU = Release|Any CPU
	EndGlobalSection
	GlobalSection(ProjectConfigurationPlatforms) = postSolution
		{8121846D-923E-4BB0-8647-30DA753D156E}.Debug|Any CPU.ActiveCfg = Debug|Any CPU
		{8121846D-923E-4BB0-8647-30DA753D156E}.Debug|Any CPU.Build.0 = Debug|Any CPU
		{8121846D-923E-4BB0-8647-30DA753D156E}.Release|Any CPU.ActiveCfg = Release|Any CPU
		{8121846D-923E-4BB0-8647-30DA753D156E}.Release|Any CPU.Build.0 = Release|Any CPU
		{230D447C-7283-4B40-BB10-9875C87214B6}.Debug|Any CPU.ActiveCfg = Debug|Any CPU
		{230D447C-7283-4B40-BB10-9875C87214B6}.Debug|Any CPU.Build.0 = Debug|Any CPU
		{230D447C-7283-4B40-BB10-9875C87214B6}.Release|Any CPU.ActiveCfg = Release|Any CPU
		{230D447C-7283-4B40-BB10-9875C87214B6}.Release|Any CPU.Build.0 = Release|Any CPU
		{90DDAA0E-6056-4E51-87C2-2F6221E8EAC1}.Debug|Any CPU.ActiveCfg = Debug|Any CPU
		{90DDAA0E-6056-4E51-87C2-2F6221E8EAC1}.Debug|Any CPU.Build.0 = Debug|Any CPU
		{90DDAA0E-6056-4E51-87C2-2F6221E8EAC1}.Release|Any CPU.ActiveCfg = Release|Any CPU
		{90DDAA0E-6056-4E51-87C2-2F6221E8EAC1}.Release|Any CPU.Build.0 = Release|Any CPU
		{E7CEE4BD-1956-4199-9525-4B5583557D56}.Debug|Any CPU.ActiveCfg = Debug|Any CPU
		{E7CEE4BD-1956-4199-9525-4B5583557D56}.Debug|Any CPU.Build.0 = Debug|Any CPU
		{E7CEE4BD-1956-4199-9525-4B5583557D56}.Release|Any CPU.ActiveCfg = Release|Any CPU
		{E7CEE4BD-1956-4199-9525-4B5583557D56}.Release|Any CPU.Build.0 = Release|Any CPU
	EndGlobalSection
	GlobalSection(SolutionProperties) = preSolution
		HideSolutionNode = FALSE
	EndGlobalSection
EndGlobal
